github.com/McShelby/hugo-theme-relearn v0.0.0-20241210183303-16d4de84becf h1:bMx4kwM7Q+dAzvSOWs3XWZ25o+n4mI0GPHqzbzeWb3M=
github.com/McShelby/hugo-theme-relearn v0.0.0-20241210183303-16d4de84becf/go.mod h1:mKQQdxZNIlLvAj8X3tMq+RzntIJSr9z7XdzuMomt0IM=
github.com/matcornic/hugo-theme-learn v0.0.0-20200601144331-3efb32712c5c h1:xPoHdfS2a/O/6q4LuhMtusqa6hP5f69d6LwiyfvkDfE=
github.com/matcornic/hugo-theme-learn v0.0.0-20200601144331-3efb32712c5c/go.mod h1:YoToDcvQxmAFhpEuapKUysBDEBckqDEssqTrmeZ2+uY=
